
Microsoft Visual Studio Solution File, Format Version 12.00
# Visual Studio Version 16
VisualStudioVersion = 16.0.31829.152
MinimumVisualStudioVersion = 10.0.40219.1
Project("{9A19103F-16F7-4668-BE54-9A1E7A4F7556}") = "NepaliCalendar", "BasicNepaliCalendar\NepaliCalendar.csproj", "{7C9F7AE9-DDE5-4945-BC01-37BAF2F560A2}"
EndProject
Project("{9A19103F-16F7-4668-BE54-9A1E7A4F7556}") = "NUnitTestProj", "NUnitTestProj\NUnitTestProj.csproj", "{4A19C191-F8D2-4CDD-A4ED-12715616A99E}"
EndProject
Project("{FAE04EC0-301F-11D3-BF4B-00C04F79EFBC}") = "Examples", "Examples\Examples.csproj", "{8B168E63-A144-422D-8C81-C6EE2323E781}"
EndProject
Global
	GlobalSection(SolutionConfigurationPlatforms) = preSolution
		Debug|Any CPU = Debug|Any CPU
		Release|Any CPU = Release|Any CPU
	EndGlobalSection
	GlobalSection(ProjectConfigurationPlatforms) = postSolution
		{7C9F7AE9-DDE5-4945-BC01-37BAF2F560A2}.Debug|Any CPU.ActiveCfg = Debug|Any CPU
		{7C9F7AE9-DDE5-4945-BC01-37BAF2F560A2}.Debug|Any CPU.Build.0 = Debug|Any CPU
		{7C9F7AE9-DDE5-4945-BC01-37BAF2F560A2}.Release|Any CPU.ActiveCfg = Release|Any CPU
		{7C9F7AE9-DDE5-4945-BC01-37BAF2F560A2}.Release|Any CPU.Build.0 = Release|Any CPU
		{4A19C191-F8D2-4CDD-A4ED-12715616A99E}.Debug|Any CPU.ActiveCfg = Debug|Any CPU
		{4A19C191-F8D2-4CDD-A4ED-12715616A99E}.Debug|Any CPU.Build.0 = Debug|Any CPU
		{4A19C191-F8D2-4CDD-A4ED-12715616A99E}.Release|Any CPU.ActiveCfg = Release|Any CPU
		{4A19C191-F8D2-4CDD-A4ED-12715616A99E}.Release|Any CPU.Build.0 = Release|Any CPU
		{8B168E63-A144-422D-8C81-C6EE2323E781}.Debug|Any CPU.ActiveCfg = Debug|Any CPU
		{8B168E63-A144-422D-8C81-C6EE2323E781}.Debug|Any CPU.Build.0 = Debug|Any CPU
		{8B168E63-A144-422D-8C81-C6EE2323E781}.Release|Any CPU.ActiveCfg = Release|Any CPU
		{8B168E63-A144-422D-8C81-C6EE2323E781}.Release|Any CPU.Build.0 = Release|Any CPU
	EndGlobalSection
	GlobalSection(SolutionProperties) = preSolution
		HideSolutionNode = FALSE
	EndGlobalSection
	GlobalSection(ExtensibilityGlobals) = postSolution
		SolutionGuid = {C6176252-28F7-4399-BD1C-01340CCDC54D}
	EndGlobalSection
EndGlobal
